{
  "requires": true,
  "lockfileVersion": 1,
  "dependencies": {
    "pusher-js": {
      "version": "7.0.2",
      "resolved": "https://registry.npmjs.org/pusher-js/-/pusher-js-7.0.2.tgz",
      "integrity": "sha512-qNDTFfLTBHWJ9G/d083o2KQfS49vEotfX1PJVMQdo7XnNlQR9X01IASAMlt5iesASLy3Cv/VV1K/sQN/MNDMUQ==",
      "requires": {
        "tweetnacl": "^1.0.3"
      }
    },
    "tweetnacl": {
      "version": "1.0.3",
      "resolved": "https://registry.npmjs.org/tweetnacl/-/tweetnacl-1.0.3.tgz",
      "integrity": "sha512-6rt+RN7aOi1nGMyC4Xa5DdYiukl2UWCbcJft7YhxReBGQD7OAM8Pbxw6YMo4r2diNEA8FEmu32YOn9rhaiE5yw=="
    }
  }
}
